
Microsoft Visual Studio Solution File, Format Version 12.00
# Visual Studio Version 16
VisualStudioVersion = 16.0.29411.138
MinimumVisualStudioVersion = 10.0.40219.1
Project("{8BC9CEB8-8B4A-11D0-8D11-00A0C91BC942}") = "HelloWorldTiral", "HelloWorldTiral\HelloWorldTiral.vcxproj", "{8E6A94B5-F204-429F-9742-5FDA6F2EAA97}"
EndProject
Project("{8BC9CEB8-8B4A-11D0-8D11-00A0C91BC942}") = "DrewingTrial", "DrewingTrial\DrewingTrial.vcxproj", "{F6C37FBF-60BE-47E1-A3E6-879C8C7641C5}"
EndProject
Project("{8BC9CEB8-8B4A-11D0-8D11-00A0C91BC942}") = "VariableTial", "VariableTial\VariableTial.vcxproj", "{4B3242A0-B12E-4EF9-9F8D-2AFD0F71B216}"
EndProject
Project("{8BC9CEB8-8B4A-11D0-8D11-00A0C91BC942}") = "DataTypesTrial", "DataTypesTrial\DataTypesTrial.vcxproj", "{59436997-51AD-4D9A-B552-AB96BF2108DD}"
EndProject
Project("{8BC9CEB8-8B4A-11D0-8D11-00A0C91BC942}") = "WorkingWithStringsTrial", "WorkingWithStringsTrial\WorkingWithStringsTrial.vcxproj", "{F985C4CC-FBCD-43DD-B4B2-AD09102F07A0}"
EndProject
Project("{8BC9CEB8-8B4A-11D0-8D11-00A0C91BC942}") = "WorkingWtihNumbersTrial", "WorkingWtihNumbersTrial\WorkingWtihNumbersTrial.vcxproj", "{DC0D4AB0-BBC1-47AB-B411-B72A2D34156F}"
EndProject
Project("{8BC9CEB8-8B4A-11D0-8D11-00A0C91BC942}") = "GettingUserInputTrial", "GettingUserInputTrial\GettingUserInputTrial.vcxproj", "{972B63A3-C1D8-4ACD-AFBE-12944E228FD1}"
EndProject
Project("{8BC9CEB8-8B4A-11D0-8D11-00A0C91BC942}") = "BuildingACalculatorTrial", "BuildingACalculatorTrial\BuildingACalculatorTrial.vcxproj", "{9FACCA55-0B65-48F0-AA7E-8DBEA3378B4C}"
EndProject
Project("{8BC9CEB8-8B4A-11D0-8D11-00A0C91BC942}") = "BuildingAMadLibsGameTrial", "BuildingAMadLibsGameTrial\BuildingAMadLibsGameTrial.vcxproj", "{CE2AABCC-57E5-40D2-824B-EDDEC85B71F4}"
EndProject
Project("{8BC9CEB8-8B4A-11D0-8D11-00A0C91BC942}") = "ArraysTrial", "ArraysTrial\ArraysTrial.vcxproj", "{133399CC-615C-4D1D-AE2F-194AD709BA6B}"
EndProject
Project("{8BC9CEB8-8B4A-11D0-8D11-00A0C91BC942}") = "FunctionTrial", "FunctionTrial\FunctionTrial.vcxproj", "{D98C24A4-FC91-488A-B698-9D16EEAE9B1A}"
EndProject
Project("{8BC9CEB8-8B4A-11D0-8D11-00A0C91BC942}") = "ReturnStatementTrial", "ReturnStatementTrial\ReturnStatementTrial.vcxproj", "{277CE48E-7CFA-4868-9D7A-9D713FE35EDD}"
EndProject
Project("{8BC9CEB8-8B4A-11D0-8D11-00A0C91BC942}") = "IfStatementsTrial", "IfStatementsTrial\IfStatementsTrial.vcxproj", "{2B5C75CA-D31E-4388-B2B8-23862EE6CB47}"
EndProject
Project("{8BC9CEB8-8B4A-11D0-8D11-00A0C91BC942}") = "MoreIfStatementsTrial", "MoreIfStatementsTrial\MoreIfStatementsTrial.vcxproj", "{52FDDC7C-3AC9-4CA8-9781-6F07A953F1FA}"
EndProject
Project("{8BC9CEB8-8B4A-11D0-8D11-00A0C91BC942}") = "BuildingABetterCalculatorTrial", "BuildingABetterCalculatorTrial\BuildingABetterCalculatorTrial.vcxproj", "{DDCB70EE-1001-4436-B48F-0C4BA6F5557C}"
EndProject
Project("{8BC9CEB8-8B4A-11D0-8D11-00A0C91BC942}") = "SwitchStatementTrial", "SwitchStatementTrial\SwitchStatementTrial.vcxproj", "{0F3BEF7E-ED68-41EB-9F25-172DAC5AD118}"
EndProject
Project("{8BC9CEB8-8B4A-11D0-8D11-00A0C91BC942}") = "WhileLoopTrial", "WhileLoopTrial\WhileLoopTrial.vcxproj", "{9574E0BF-655D-414D-866A-23D945295ECE}"
EndProject
Project("{8BC9CEB8-8B4A-11D0-8D11-00A0C91BC942}") = "BuildingAGuessingGameTrial", "BuildingAGuessingGameTrial\BuildingAGuessingGameTrial.vcxproj", "{1D20E663-E4A1-441D-BD1A-4951E8D7EDC2}"
EndProject
Project("{8BC9CEB8-8B4A-11D0-8D11-00A0C91BC942}") = "ForLoopsTrial", "ForLoopsTrial\ForLoopsTrial.vcxproj", "{89E38922-0D44-4941-9D5C-9D64E53E678B}"
EndProject
Project("{8BC9CEB8-8B4A-11D0-8D11-00A0C91BC942}") = "ExponentFunctionTrial", "ExponentFunctionTrial\ExponentFunctionTrial.vcxproj", "{B57D8D3A-D602-492C-8BB3-2F630C435A70}"
EndProject
Project("{8BC9CEB8-8B4A-11D0-8D11-00A0C91BC942}") = "2DArraysAndNestedLoopsTrial", "2DArraysAndNestedLoopsTrial\2DArraysAndNestedLoopsTrial.vcxproj", "{A1A4D316-4F29-4013-A375-5C455B812F4A}"
EndProject
Project("{8BC9CEB8-8B4A-11D0-8D11-00A0C91BC942}") = "PointersTrial", "PointersTrial\PointersTrial.vcxproj", "{23369A6E-4A77-44EF-9E38-F1573E9E8270}"
EndProject
Project("{8BC9CEB8-8B4A-11D0-8D11-00A0C91BC942}") = "ClassesAndObjectsTrial", "ClassesAndObjectsTrial\ClassesAndObjectsTrial.vcxproj", "{5044CC81-AF2B-4BC9-A93D-59FE37AB0656}"
EndProject
Project("{8BC9CEB8-8B4A-11D0-8D11-00A0C91BC942}") = "ConstructorFunctionsTrial", "ConstructorFunctionsTrial\ConstructorFunctionsTrial.vcxproj", "{6C8E1831-750B-4E9A-9D46-8492A590991E}"
EndProject
Project("{8BC9CEB8-8B4A-11D0-8D11-00A0C91BC942}") = "ObjectFunctionsTrial", "ObjectFunctionsTrial\ObjectFunctionsTrial.vcxproj", "{5A30CF9C-5644-4B6D-8E5A-EF8881AD96BF}"
EndProject
Project("{8BC9CEB8-8B4A-11D0-8D11-00A0C91BC942}") = "GetterAndSetterTrial", "GetterAndSetterTrial\GetterAndSetterTrial.vcxproj", "{311626DA-73A7-4374-8711-8B9891ED528B}"
EndProject
Project("{8BC9CEB8-8B4A-11D0-8D11-00A0C91BC942}") = "InheritanceTrial", "InheritanceTrial\InheritanceTrial.vcxproj", "{784B5820-C8CF-4350-9A4E-563265D5BEF9}"
EndProject
Global
	GlobalSection(SolutionConfigurationPlatforms) = preSolution
		Debug|x64 = Debug|x64
		Debug|x86 = Debug|x86
		Release|x64 = Release|x64
		Release|x86 = Release|x86
	EndGlobalSection
	GlobalSection(ProjectConfigurationPlatforms) = postSolution
		{8E6A94B5-F204-429F-9742-5FDA6F2EAA97}.Debug|x64.ActiveCfg = Debug|x64
		{8E6A94B5-F204-429F-9742-5FDA6F2EAA97}.Debug|x64.Build.0 = Debug|x64
		{8E6A94B5-F204-429F-9742-5FDA6F2EAA97}.Debug|x86.ActiveCfg = Debug|Win32
		{8E6A94B5-F204-429F-9742-5FDA6F2EAA97}.Debug|x86.Build.0 = Debug|Win32
		{8E6A94B5-F204-429F-9742-5FDA6F2EAA97}.Release|x64.ActiveCfg = Release|x64
		{8E6A94B5-F204-429F-9742-5FDA6F2EAA97}.Release|x64.Build.0 = Release|x64
		{8E6A94B5-F204-429F-9742-5FDA6F2EAA97}.Release|x86.ActiveCfg = Release|Win32
		{8E6A94B5-F204-429F-9742-5FDA6F2EAA97}.Release|x86.Build.0 = Release|Win32
		{F6C37FBF-60BE-47E1-A3E6-879C8C7641C5}.Debug|x64.ActiveCfg = Debug|x64
		{F6C37FBF-60BE-47E1-A3E6-879C8C7641C5}.Debug|x64.Build.0 = Debug|x64
		{F6C37FBF-60BE-47E1-A3E6-879C8C7641C5}.Debug|x86.ActiveCfg = Debug|Win32
		{F6C37FBF-60BE-47E1-A3E6-879C8C7641C5}.Debug|x86.Build.0 = Debug|Win32
		{F6C37FBF-60BE-47E1-A3E6-879C8C7641C5}.Release|x64.ActiveCfg = Release|x64
		{F6C37FBF-60BE-47E1-A3E6-879C8C7641C5}.Release|x64.Build.0 = Release|x64
		{F6C37FBF-60BE-47E1-A3E6-879C8C7641C5}.Release|x86.ActiveCfg = Release|Win32
		{F6C37FBF-60BE-47E1-A3E6-879C8C7641C5}.Release|x86.Build.0 = Release|Win32
		{4B3242A0-B12E-4EF9-9F8D-2AFD0F71B216}.Debug|x64.ActiveCfg = Debug|x64
		{4B3242A0-B12E-4EF9-9F8D-2AFD0F71B216}.Debug|x64.Build.0 = Debug|x64
		{4B3242A0-B12E-4EF9-9F8D-2AFD0F71B216}.Debug|x86.ActiveCfg = Debug|Win32
		{4B3242A0-B12E-4EF9-9F8D-2AFD0F71B216}.Debug|x86.Build.0 = Debug|Win32
		{4B3242A0-B12E-4EF9-9F8D-2AFD0F71B216}.Release|x64.ActiveCfg = Release|x64
		{4B3242A0-B12E-4EF9-9F8D-2AFD0F71B216}.Release|x64.Build.0 = Release|x64
		{4B3242A0-B12E-4EF9-9F8D-2AFD0F71B216}.Release|x86.ActiveCfg = Release|Win32
		{4B3242A0-B12E-4EF9-9F8D-2AFD0F71B216}.Release|x86.Build.0 = Release|Win32
		{59436997-51AD-4D9A-B552-AB96BF2108DD}.Debug|x64.ActiveCfg = Debug|x64
		{59436997-51AD-4D9A-B552-AB96BF2108DD}.Debug|x64.Build.0 = Debug|x64
		{59436997-51AD-4D9A-B552-AB96BF2108DD}.Debug|x86.ActiveCfg = Debug|Win32
		{59436997-51AD-4D9A-B552-AB96BF2108DD}.Debug|x86.Build.0 = Debug|Win32
		{59436997-51AD-4D9A-B552-AB96BF2108DD}.Release|x64.ActiveCfg = Release|x64
		{59436997-51AD-4D9A-B552-AB96BF2108DD}.Release|x64.Build.0 = Release|x64
		{59436997-51AD-4D9A-B552-AB96BF2108DD}.Release|x86.ActiveCfg = Release|Win32
		{59436997-51AD-4D9A-B552-AB96BF2108DD}.Release|x86.Build.0 = Release|Win32
		{F985C4CC-FBCD-43DD-B4B2-AD09102F07A0}.Debug|x64.ActiveCfg = Debug|x64
		{F985C4CC-FBCD-43DD-B4B2-AD09102F07A0}.Debug|x64.Build.0 = Debug|x64
		{F985C4CC-FBCD-43DD-B4B2-AD09102F07A0}.Debug|x86.ActiveCfg = Debug|Win32
		{F985C4CC-FBCD-43DD-B4B2-AD09102F07A0}.Debug|x86.Build.0 = Debug|Win32
		{F985C4CC-FBCD-43DD-B4B2-AD09102F07A0}.Release|x64.ActiveCfg = Release|x64
		{F985C4CC-FBCD-43DD-B4B2-AD09102F07A0}.Release|x64.Build.0 = Release|x64
		{F985C4CC-FBCD-43DD-B4B2-AD09102F07A0}.Release|x86.ActiveCfg = Release|Win32
		{F985C4CC-FBCD-43DD-B4B2-AD09102F07A0}.Release|x86.Build.0 = Release|Win32
		{DC0D4AB0-BBC1-47AB-B411-B72A2D34156F}.Debug|x64.ActiveCfg = Debug|x64
		{DC0D4AB0-BBC1-47AB-B411-B72A2D34156F}.Debug|x64.Build.0 = Debug|x64
		{DC0D4AB0-BBC1-47AB-B411-B72A2D34156F}.Debug|x86.ActiveCfg = Debug|Win32
		{DC0D4AB0-BBC1-47AB-B411-B72A2D34156F}.Debug|x86.Build.0 = Debug|Win32
		{DC0D4AB0-BBC1-47AB-B411-B72A2D34156F}.Release|x64.ActiveCfg = Release|x64
		{DC0D4AB0-BBC1-47AB-B411-B72A2D34156F}.Release|x64.Build.0 = Release|x64
		{DC0D4AB0-BBC1-47AB-B411-B72A2D34156F}.Release|x86.ActiveCfg = Release|Win32
		{DC0D4AB0-BBC1-47AB-B411-B72A2D34156F}.Release|x86.Build.0 = Release|Win32
		{972B63A3-C1D8-4ACD-AFBE-12944E228FD1}.Debug|x64.ActiveCfg = Debug|x64
		{972B63A3-C1D8-4ACD-AFBE-12944E228FD1}.Debug|x64.Build.0 = Debug|x64
		{972B63A3-C1D8-4ACD-AFBE-12944E228FD1}.Debug|x86.ActiveCfg = Debug|Win32
		{972B63A3-C1D8-4ACD-AFBE-12944E228FD1}.Debug|x86.Build.0 = Debug|Win32
		{972B63A3-C1D8-4ACD-AFBE-12944E228FD1}.Release|x64.ActiveCfg = Release|x64
		{972B63A3-C1D8-4ACD-AFBE-12944E228FD1}.Release|x64.Build.0 = Release|x64
		{972B63A3-C1D8-4ACD-AFBE-12944E228FD1}.Release|x86.ActiveCfg = Release|Win32
		{972B63A3-C1D8-4ACD-AFBE-12944E228FD1}.Release|x86.Build.0 = Release|Win32
		{9FACCA55-0B65-48F0-AA7E-8DBEA3378B4C}.Debug|x64.ActiveCfg = Debug|x64
		{9FACCA55-0B65-48F0-AA7E-8DBEA3378B4C}.Debug|x64.Build.0 = Debug|x64
		{9FACCA55-0B65-48F0-AA7E-8DBEA3378B4C}.Debug|x86.ActiveCfg = Debug|Win32
		{9FACCA55-0B65-48F0-AA7E-8DBEA3378B4C}.Debug|x86.Build.0 = Debug|Win32
		{9FACCA55-0B65-48F0-AA7E-8DBEA3378B4C}.Release|x64.ActiveCfg = Release|x64
		{9FACCA55-0B65-48F0-AA7E-8DBEA3378B4C}.Release|x64.Build.0 = Release|x64
		{9FACCA55-0B65-48F0-AA7E-8DBEA3378B4C}.Release|x86.ActiveCfg = Release|Win32
		{9FACCA55-0B65-48F0-AA7E-8DBEA3378B4C}.Release|x86.Build.0 = Release|Win32
		{CE2AABCC-57E5-40D2-824B-EDDEC85B71F4}.Debug|x64.ActiveCfg = Debug|x64
		{CE2AABCC-57E5-40D2-824B-EDDEC85B71F4}.Debug|x64.Build.0 = Debug|x64
		{CE2AABCC-57E5-40D2-824B-EDDEC85B71F4}.Debug|x86.ActiveCfg = Debug|Win32
		{CE2AABCC-57E5-40D2-824B-EDDEC85B71F4}.Debug|x86.Build.0 = Debug|Win32
		{CE2AABCC-57E5-40D2-824B-EDDEC85B71F4}.Release|x64.ActiveCfg = Release|x64
		{CE2AABCC-57E5-40D2-824B-EDDEC85B71F4}.Release|x64.Build.0 = Release|x64
		{CE2AABCC-57E5-40D2-824B-EDDEC85B71F4}.Release|x86.ActiveCfg = Release|Win32
		{CE2AABCC-57E5-40D2-824B-EDDEC85B71F4}.Release|x86.Build.0 = Release|Win32
		{133399CC-615C-4D1D-AE2F-194AD709BA6B}.Debug|x64.ActiveCfg = Debug|x64
		{133399CC-615C-4D1D-AE2F-194AD709BA6B}.Debug|x64.Build.0 = Debug|x64
		{133399CC-615C-4D1D-AE2F-194AD709BA6B}.Debug|x86.ActiveCfg = Debug|Win32
		{133399CC-615C-4D1D-AE2F-194AD709BA6B}.Debug|x86.Build.0 = Debug|Win32
		{133399CC-615C-4D1D-AE2F-194AD709BA6B}.Release|x64.ActiveCfg = Release|x64
		{133399CC-615C-4D1D-AE2F-194AD709BA6B}.Release|x64.Build.0 = Release|x64
		{133399CC-615C-4D1D-AE2F-194AD709BA6B}.Release|x86.ActiveCfg = Release|Win32
		{133399CC-615C-4D1D-AE2F-194AD709BA6B}.Release|x86.Build.0 = Release|Win32
		{D98C24A4-FC91-488A-B698-9D16EEAE9B1A}.Debug|x64.ActiveCfg = Debug|x64
		{D98C24A4-FC91-488A-B698-9D16EEAE9B1A}.Debug|x64.Build.0 = Debug|x64
		{D98C24A4-FC91-488A-B698-9D16EEAE9B1A}.Debug|x86.ActiveCfg = Debug|Win32
		{D98C24A4-FC91-488A-B698-9D16EEAE9B1A}.Debug|x86.Build.0 = Debug|Win32
		{D98C24A4-FC91-488A-B698-9D16EEAE9B1A}.Release|x64.ActiveCfg = Release|x64
		{D98C24A4-FC91-488A-B698-9D16EEAE9B1A}.Release|x64.Build.0 = Release|x64
		{D98C24A4-FC91-488A-B698-9D16EEAE9B1A}.Release|x86.ActiveCfg = Release|Win32
		{D98C24A4-FC91-488A-B698-9D16EEAE9B1A}.Release|x86.Build.0 = Release|Win32
		{277CE48E-7CFA-4868-9D7A-9D713FE35EDD}.Debug|x64.ActiveCfg = Debug|x64
		{277CE48E-7CFA-4868-9D7A-9D713FE35EDD}.Debug|x64.Build.0 = Debug|x64
		{277CE48E-7CFA-4868-9D7A-9D713FE35EDD}.Debug|x86.ActiveCfg = Debug|Win32
		{277CE48E-7CFA-4868-9D7A-9D713FE35EDD}.Debug|x86.Build.0 = Debug|Win32
		{277CE48E-7CFA-4868-9D7A-9D713FE35EDD}.Release|x64.ActiveCfg = Release|x64
		{277CE48E-7CFA-4868-9D7A-9D713FE35EDD}.Release|x64.Build.0 = Release|x64
		{277CE48E-7CFA-4868-9D7A-9D713FE35EDD}.Release|x86.ActiveCfg = Release|Win32
		{277CE48E-7CFA-4868-9D7A-9D713FE35EDD}.Release|x86.Build.0 = Release|Win32
		{2B5C75CA-D31E-4388-B2B8-23862EE6CB47}.Debug|x64.ActiveCfg = Debug|x64
		{2B5C75CA-D31E-4388-B2B8-23862EE6CB47}.Debug|x64.Build.0 = Debug|x64
		{2B5C75CA-D31E-4388-B2B8-23862EE6CB47}.Debug|x86.ActiveCfg = Debug|Win32
		{2B5C75CA-D31E-4388-B2B8-23862EE6CB47}.Debug|x86.Build.0 = Debug|Win32
		{2B5C75CA-D31E-4388-B2B8-23862EE6CB47}.Release|x64.ActiveCfg = Release|x64
		{2B5C75CA-D31E-4388-B2B8-23862EE6CB47}.Release|x64.Build.0 = Release|x64
		{2B5C75CA-D31E-4388-B2B8-23862EE6CB47}.Release|x86.ActiveCfg = Release|Win32
		{2B5C75CA-D31E-4388-B2B8-23862EE6CB47}.Release|x86.Build.0 = Release|Win32
		{52FDDC7C-3AC9-4CA8-9781-6F07A953F1FA}.Debug|x64.ActiveCfg = Debug|x64
		{52FDDC7C-3AC9-4CA8-9781-6F07A953F1FA}.Debug|x64.Build.0 = Debug|x64
		{52FDDC7C-3AC9-4CA8-9781-6F07A953F1FA}.Debug|x86.ActiveCfg = Debug|Win32
		{52FDDC7C-3AC9-4CA8-9781-6F07A953F1FA}.Debug|x86.Build.0 = Debug|Win32
		{52FDDC7C-3AC9-4CA8-9781-6F07A953F1FA}.Release|x64.ActiveCfg = Release|x64
		{52FDDC7C-3AC9-4CA8-9781-6F07A953F1FA}.Release|x64.Build.0 = Release|x64
		{52FDDC7C-3AC9-4CA8-9781-6F07A953F1FA}.Release|x86.ActiveCfg = Release|Win32
		{52FDDC7C-3AC9-4CA8-9781-6F07A953F1FA}.Release|x86.Build.0 = Release|Win32
		{DDCB70EE-1001-4436-B48F-0C4BA6F5557C}.Debug|x64.ActiveCfg = Debug|x64
		{DDCB70EE-1001-4436-B48F-0C4BA6F5557C}.Debug|x64.Build.0 = Debug|x64
		{DDCB70EE-1001-4436-B48F-0C4BA6F5557C}.Debug|x86.ActiveCfg = Debug|Win32
		{DDCB70EE-1001-4436-B48F-0C4BA6F5557C}.Debug|x86.Build.0 = Debug|Win32
		{DDCB70EE-1001-4436-B48F-0C4BA6F5557C}.Release|x64.ActiveCfg = Release|x64
		{DDCB70EE-1001-4436-B48F-0C4BA6F5557C}.Release|x64.Build.0 = Release|x64
		{DDCB70EE-1001-4436-B48F-0C4BA6F5557C}.Release|x86.ActiveCfg = Release|Win32
		{DDCB70EE-1001-4436-B48F-0C4BA6F5557C}.Release|x86.Build.0 = Release|Win32
		{0F3BEF7E-ED68-41EB-9F25-172DAC5AD118}.Debug|x64.ActiveCfg = Debug|x64
		{0F3BEF7E-ED68-41EB-9F25-172DAC5AD118}.Debug|x64.Build.0 = Debug|x64
		{0F3BEF7E-ED68-41EB-9F25-172DAC5AD118}.Debug|x86.ActiveCfg = Debug|Win32
		{0F3BEF7E-ED68-41EB-9F25-172DAC5AD118}.Debug|x86.Build.0 = Debug|Win32
		{0F3BEF7E-ED68-41EB-9F25-172DAC5AD118}.Release|x64.ActiveCfg = Release|x64
		{0F3BEF7E-ED68-41EB-9F25-172DAC5AD118}.Release|x64.Build.0 = Release|x64
		{0F3BEF7E-ED68-41EB-9F25-172DAC5AD118}.Release|x86.ActiveCfg = Release|Win32
		{0F3BEF7E-ED68-41EB-9F25-172DAC5AD118}.Release|x86.Build.0 = Release|Win32
		{9574E0BF-655D-414D-866A-23D945295ECE}.Debug|x64.ActiveCfg = Debug|x64
		{9574E0BF-655D-414D-866A-23D945295ECE}.Debug|x64.Build.0 = Debug|x64
		{9574E0BF-655D-414D-866A-23D945295ECE}.Debug|x86.ActiveCfg = Debug|Win32
		{9574E0BF-655D-414D-866A-23D945295ECE}.Debug|x86.Build.0 = Debug|Win32
		{9574E0BF-655D-414D-866A-23D945295ECE}.Release|x64.ActiveCfg = Release|x64
		{9574E0BF-655D-414D-866A-23D945295ECE}.Release|x64.Build.0 = Release|x64
		{9574E0BF-655D-414D-866A-23D945295ECE}.Release|x86.ActiveCfg = Release|Win32
		{9574E0BF-655D-414D-866A-23D945295ECE}.Release|x86.Build.0 = Release|Win32
		{1D20E663-E4A1-441D-BD1A-4951E8D7EDC2}.Debug|x64.ActiveCfg = Debug|x64
		{1D20E663-E4A1-441D-BD1A-4951E8D7EDC2}.Debug|x64.Build.0 = Debug|x64
		{1D20E663-E4A1-441D-BD1A-4951E8D7EDC2}.Debug|x86.ActiveCfg = Debug|Win32
		{1D20E663-E4A1-441D-BD1A-4951E8D7EDC2}.Debug|x86.Build.0 = Debug|Win32
		{1D20E663-E4A1-441D-BD1A-4951E8D7EDC2}.Release|x64.ActiveCfg = Release|x64
		{1D20E663-E4A1-441D-BD1A-4951E8D7EDC2}.Release|x64.Build.0 = Release|x64
		{1D20E663-E4A1-441D-BD1A-4951E8D7EDC2}.Release|x86.ActiveCfg = Release|Win32
		{1D20E663-E4A1-441D-BD1A-4951E8D7EDC2}.Release|x86.Build.0 = Release|Win32
		{89E38922-0D44-4941-9D5C-9D64E53E678B}.Debug|x64.ActiveCfg = Debug|x64
		{89E38922-0D44-4941-9D5C-9D64E53E678B}.Debug|x64.Build.0 = Debug|x64
		{89E38922-0D44-4941-9D5C-9D64E53E678B}.Debug|x86.ActiveCfg = Debug|Win32
		{89E38922-0D44-4941-9D5C-9D64E53E678B}.Debug|x86.Build.0 = Debug|Win32
		{89E38922-0D44-4941-9D5C-9D64E53E678B}.Release|x64.ActiveCfg = Release|x64
		{89E38922-0D44-4941-9D5C-9D64E53E678B}.Release|x64.Build.0 = Release|x64
		{89E38922-0D44-4941-9D5C-9D64E53E678B}.Release|x86.ActiveCfg = Release|Win32
		{89E38922-0D44-4941-9D5C-9D64E53E678B}.Release|x86.Build.0 = Release|Win32
		{B57D8D3A-D602-492C-8BB3-2F630C435A70}.Debug|x64.ActiveCfg = Debug|x64
		{B57D8D3A-D602-492C-8BB3-2F630C435A70}.Debug|x64.Build.0 = Debug|x64
		{B57D8D3A-D602-492C-8BB3-2F630C435A70}.Debug|x86.ActiveCfg = Debug|Win32
		{B57D8D3A-D602-492C-8BB3-2F630C435A70}.Debug|x86.Build.0 = Debug|Win32
		{B57D8D3A-D602-492C-8BB3-2F630C435A70}.Release|x64.ActiveCfg = Release|x64
		{B57D8D3A-D602-492C-8BB3-2F630C435A70}.Release|x64.Build.0 = Release|x64
		{B57D8D3A-D602-492C-8BB3-2F630C435A70}.Release|x86.ActiveCfg = Release|Win32
		{B57D8D3A-D602-492C-8BB3-2F630C435A70}.Release|x86.Build.0 = Release|Win32
		{A1A4D316-4F29-4013-A375-5C455B812F4A}.Debug|x64.ActiveCfg = Debug|x64
		{A1A4D316-4F29-4013-A375-5C455B812F4A}.Debug|x64.Build.0 = Debug|x64
		{A1A4D316-4F29-4013-A375-5C455B812F4A}.Debug|x86.ActiveCfg = Debug|Win32
		{A1A4D316-4F29-4013-A375-5C455B812F4A}.Debug|x86.Build.0 = Debug|Win32
		{A1A4D316-4F29-4013-A375-5C455B812F4A}.Release|x64.ActiveCfg = Release|x64
		{A1A4D316-4F29-4013-A375-5C455B812F4A}.Release|x64.Build.0 = Release|x64
		{A1A4D316-4F29-4013-A375-5C455B812F4A}.Release|x86.ActiveCfg = Release|Win32
		{A1A4D316-4F29-4013-A375-5C455B812F4A}.Release|x86.Build.0 = Release|Win32
		{23369A6E-4A77-44EF-9E38-F1573E9E8270}.Debug|x64.ActiveCfg = Debug|x64
		{23369A6E-4A77-44EF-9E38-F1573E9E8270}.Debug|x64.Build.0 = Debug|x64
		{23369A6E-4A77-44EF-9E38-F1573E9E8270}.Debug|x86.ActiveCfg = Debug|Win32
		{23369A6E-4A77-44EF-9E38-F1573E9E8270}.Debug|x86.Build.0 = Debug|Win32
		{23369A6E-4A77-44EF-9E38-F1573E9E8270}.Release|x64.ActiveCfg = Release|x64
		{23369A6E-4A77-44EF-9E38-F1573E9E8270}.Release|x64.Build.0 = Release|x64
		{23369A6E-4A77-44EF-9E38-F1573E9E8270}.Release|x86.ActiveCfg = Release|Win32
		{23369A6E-4A77-44EF-9E38-F1573E9E8270}.Release|x86.Build.0 = Release|Win32
		{5044CC81-AF2B-4BC9-A93D-59FE37AB0656}.Debug|x64.ActiveCfg = Debug|x64
		{5044CC81-AF2B-4BC9-A93D-59FE37AB0656}.Debug|x64.Build.0 = Debug|x64
		{5044CC81-AF2B-4BC9-A93D-59FE37AB0656}.Debug|x86.ActiveCfg = Debug|Win32
		{5044CC81-AF2B-4BC9-A93D-59FE37AB0656}.Debug|x86.Build.0 = Debug|Win32
		{5044CC81-AF2B-4BC9-A93D-59FE37AB0656}.Release|x64.ActiveCfg = Release|x64
		{5044CC81-AF2B-4BC9-A93D-59FE37AB0656}.Release|x64.Build.0 = Release|x64
		{5044CC81-AF2B-4BC9-A93D-59FE37AB0656}.Release|x86.ActiveCfg = Release|Win32
		{5044CC81-AF2B-4BC9-A93D-59FE37AB0656}.Release|x86.Build.0 = Release|Win32
		{6C8E1831-750B-4E9A-9D46-8492A590991E}.Debug|x64.ActiveCfg = Debug|x64
		{6C8E1831-750B-4E9A-9D46-8492A590991E}.Debug|x64.Build.0 = Debug|x64
		{6C8E1831-750B-4E9A-9D46-8492A590991E}.Debug|x86.ActiveCfg = Debug|Win32
		{6C8E1831-750B-4E9A-9D46-8492A590991E}.Debug|x86.Build.0 = Debug|Win32
		{6C8E1831-750B-4E9A-9D46-8492A590991E}.Release|x64.ActiveCfg = Release|x64
		{6C8E1831-750B-4E9A-9D46-8492A590991E}.Release|x64.Build.0 = Release|x64
		{6C8E1831-750B-4E9A-9D46-8492A590991E}.Release|x86.ActiveCfg = Release|Win32
		{6C8E1831-750B-4E9A-9D46-8492A590991E}.Release|x86.Build.0 = Release|Win32
		{5A30CF9C-5644-4B6D-8E5A-EF8881AD96BF}.Debug|x64.ActiveCfg = Debug|x64
		{5A30CF9C-5644-4B6D-8E5A-EF8881AD96BF}.Debug|x64.Build.0 = Debug|x64
		{5A30CF9C-5644-4B6D-8E5A-EF8881AD96BF}.Debug|x86.ActiveCfg = Debug|Win32
		{5A30CF9C-5644-4B6D-8E5A-EF8881AD96BF}.Debug|x86.Build.0 = Debug|Win32
		{5A30CF9C-5644-4B6D-8E5A-EF8881AD96BF}.Release|x64.ActiveCfg = Release|x64
		{5A30CF9C-5644-4B6D-8E5A-EF8881AD96BF}.Release|x64.Build.0 = Release|x64
		{5A30CF9C-5644-4B6D-8E5A-EF8881AD96BF}.Release|x86.ActiveCfg = Release|Win32
		{5A30CF9C-5644-4B6D-8E5A-EF8881AD96BF}.Release|x86.Build.0 = Release|Win32
		{311626DA-73A7-4374-8711-8B9891ED528B}.Debug|x64.ActiveCfg = Debug|x64
		{311626DA-73A7-4374-8711-8B9891ED528B}.Debug|x64.Build.0 = Debug|x64
		{311626DA-73A7-4374-8711-8B9891ED528B}.Debug|x86.ActiveCfg = Debug|Win32
		{311626DA-73A7-4374-8711-8B9891ED528B}.Debug|x86.Build.0 = Debug|Win32
		{311626DA-73A7-4374-8711-8B9891ED528B}.Release|x64.ActiveCfg = Release|x64
		{311626DA-73A7-4374-8711-8B9891ED528B}.Release|x64.Build.0 = Release|x64
		{311626DA-73A7-4374-8711-8B9891ED528B}.Release|x86.ActiveCfg = Release|Win32
		{311626DA-73A7-4374-8711-8B9891ED528B}.Release|x86.Build.0 = Release|Win32
		{784B5820-C8CF-4350-9A4E-563265D5BEF9}.Debug|x64.ActiveCfg = Debug|x64
		{784B5820-C8CF-4350-9A4E-563265D5BEF9}.Debug|x64.Build.0 = Debug|x64
		{784B5820-C8CF-4350-9A4E-563265D5BEF9}.Debug|x86.ActiveCfg = Debug|Win32
		{784B5820-C8CF-4350-9A4E-563265D5BEF9}.Debug|x86.Build.0 = Debug|Win32
		{784B5820-C8CF-4350-9A4E-563265D5BEF9}.Release|x64.ActiveCfg = Release|x64
		{784B5820-C8CF-4350-9A4E-563265D5BEF9}.Release|x64.Build.0 = Release|x64
		{784B5820-C8CF-4350-9A4E-563265D5BEF9}.Release|x86.ActiveCfg = Release|Win32
		{784B5820-C8CF-4350-9A4E-563265D5BEF9}.Release|x86.Build.0 = Release|Win32
	EndGlobalSection
	GlobalSection(SolutionProperties) = preSolution
		HideSolutionNode = FALSE
	EndGlobalSection
	GlobalSection(ExtensibilityGlobals) = postSolution
		SolutionGuid = {2790221B-A609-43C8-B00B-D85C066CFC03}
	EndGlobalSection
EndGlobal
